Microsoft Visual Studio Solution File, Format Version 11.00
# Visual Studio 2008

Project("{BDFEC852-DC28-54E4-7821-4BAFDDD17E73}") = "EasterHunt", "Assembly-CSharp.csproj", "{791F7072-38A8-5804-D4A2-C292B10D5586}"
EndProject
Project("{BDFEC852-DC28-54E4-7821-4BAFDDD17E73}") = "EasterHunt", "Assembly-CSharp-Editor.csproj", "{1D818DB8-60F8-F334-B91D-A3EAAF3AC177}"
EndProject
Global
	GlobalSection(SolutionConfigurationPlatforms) = preSolution
		Debug|Any CPU = Debug|Any CPU
		Release|Any CPU = Release|Any CPU
	EndGlobalSection
	GlobalSection(ProjectConfigurationPlatforms) = postSolution
		{791F7072-38A8-5804-D4A2-C292B10D5586}.Debug|Any CPU.ActiveCfg = Debug|Any CPU
		{791F7072-38A8-5804-D4A2-C292B10D5586}.Debug|Any CPU.Build.0 = Debug|Any CPU
		{791F7072-38A8-5804-D4A2-C292B10D5586}.Release|Any CPU.ActiveCfg = Release|Any CPU
		{791F7072-38A8-5804-D4A2-C292B10D5586}.Release|Any CPU.Build.0 = Release|Any CPU
		{1D818DB8-60F8-F334-B91D-A3EAAF3AC177}.Debug|Any CPU.ActiveCfg = Debug|Any CPU
		{1D818DB8-60F8-F334-B91D-A3EAAF3AC177}.Debug|Any CPU.Build.0 = Debug|Any CPU
		{1D818DB8-60F8-F334-B91D-A3EAAF3AC177}.Release|Any CPU.ActiveCfg = Release|Any CPU
		{1D818DB8-60F8-F334-B91D-A3EAAF3AC177}.Release|Any CPU.Build.0 = Release|Any CPU
	EndGlobalSection
	GlobalSection(SolutionProperties) = preSolution
		HideSolutionNode = FALSE
	EndGlobalSection
	GlobalSection(MonoDevelopProperties) = preSolution
		StartupItem = Assembly-CSharp.csproj
	EndGlobalSection
EndGlobal
