
Microsoft Visual Studio Solution File, Format Version 12.00
# Visual Studio 2015
Project("{FAE04EC0-301F-11D3-BF4B-00C04F79EFBC}") = "EasterHunt.CSharp", "EasterHunt.CSharp.csproj", "{AD1DE6A4-8639-51BF-F2CD-5869980D36B2}"
EndProject
Project("{FAE04EC0-301F-11D3-BF4B-00C04F79EFBC}") = "EasterHunt.CSharp.Editor", "EasterHunt.CSharp.Editor.csproj", "{EA07D3A2-F38E-563A-5E0D-711E6EF8F02B}"
EndProject
Global
	GlobalSection(SolutionConfigurationPlatforms) = preSolution
		Debug|Any CPU = Debug|Any CPU
		Release|Any CPU = Release|Any CPU
	EndGlobalSection
	GlobalSection(ProjectConfigurationPlatforms) = postSolution
		{AD1DE6A4-8639-51BF-F2CD-5869980D36B2}.Debug|Any CPU.ActiveCfg = Debug|Any CPU
		{AD1DE6A4-8639-51BF-F2CD-5869980D36B2}.Debug|Any CPU.Build.0 = Debug|Any CPU
		{AD1DE6A4-8639-51BF-F2CD-5869980D36B2}.Release|Any CPU.ActiveCfg = Release|Any CPU
		{AD1DE6A4-8639-51BF-F2CD-5869980D36B2}.Release|Any CPU.Build.0 = Release|Any CPU
		{EA07D3A2-F38E-563A-5E0D-711E6EF8F02B}.Debug|Any CPU.ActiveCfg = Debug|Any CPU
		{EA07D3A2-F38E-563A-5E0D-711E6EF8F02B}.Debug|Any CPU.Build.0 = Debug|Any CPU
		{EA07D3A2-F38E-563A-5E0D-711E6EF8F02B}.Release|Any CPU.ActiveCfg = Release|Any CPU
		{EA07D3A2-F38E-563A-5E0D-711E6EF8F02B}.Release|Any CPU.Build.0 = Release|Any CPU
	EndGlobalSection
	GlobalSection(SolutionProperties) = preSolution
		HideSolutionNode = FALSE
	EndGlobalSection
EndGlobal
